// !$*UTF8*$!
{
	archiveVersion = 1;
	classes = {
	};
	objectVersion = 50;
	objects = {

/* Begin PBXBuildFile section */
		1E34EE4728F9638300EB19AC /* MainView+TableView.swift in Sources */ = {isa = PBXBuildFile; fileRef = 1E34EE4628F9638300EB19AC /* MainView+TableView.swift */; };
		1EF9206328F953C7001470D9 /* AppDelegate.swift in Sources */ = {isa = PBXBuildFile; fileRef = 1EF9206228F953C7001470D9 /* AppDelegate.swift */; };
		1EF9206528F953C7001470D9 /* SceneDelegate.swift in Sources */ = {isa = PBXBuildFile; fileRef = 1EF9206428F953C7001470D9 /* SceneDelegate.swift */; };
		1EF9206728F953C7001470D9 /* MainViewController.swift in Sources */ = {isa = PBXBuildFile; fileRef = 1EF9206628F953C7001470D9 /* MainViewController.swift */; };
		1EF9206C28F953CB001470D9 /* Assets.xcassets in Resources */ = {isa = PBXBuildFile; fileRef = 1EF9206B28F953CB001470D9 /* Assets.xcassets */; };
		1EF9206F28F953CB001470D9 /* LaunchScreen.storyboard in Resources */ = {isa = PBXBuildFile; fileRef = 1EF9206D28F953CB001470D9 /* LaunchScreen.storyboard */; };
		1EF9208028F9549C001470D9 /* MainInteractor.swift in Sources */ = {isa = PBXBuildFile; fileRef = 1EF9207F28F9549C001470D9 /* MainInteractor.swift */; };
		1EF9208328F954BB001470D9 /* MainPresenter.swift in Sources */ = {isa = PBXBuildFile; fileRef = 1EF9208228F954BB001470D9 /* MainPresenter.swift */; };
		1EF9208628F954CD001470D9 /* MainEntity.swift in Sources */ = {isa = PBXBuildFile; fileRef = 1EF9208528F954CD001470D9 /* MainEntity.swift */; };
		1EF9208928F954D5001470D9 /* MainRouter.swift in Sources */ = {isa = PBXBuildFile; fileRef = 1EF9208828F954D5001470D9 /* MainRouter.swift */; };
/* End PBXBuildFile section */

/* Begin PBXFileReference section */
		1E34EE4628F9638300EB19AC /* MainView+TableView.swift */ = {isa = PBXFileReference; lastKnownFileType = sourcecode.swift; path = "MainView+TableView.swift"; sourceTree = "<group>"; };
		1EF9205F28F953C7001470D9 /* VIPER-Demo2.app */ = {isa = PBXFileReference; explicitFileType = wrapper.application; includeInIndex = 0; path = "VIPER-Demo2.app"; sourceTree = BUILT_PRODUCTS_DIR; };
		1EF9206228F953C7001470D9 /* AppDelegate.swift */ = {isa = PBXFileReference; lastKnownFileType = sourcecode.swift; path = AppDelegate.swift; sourceTree = "<group>"; };
		1EF9206428F953C7001470D9 /* SceneDelegate.swift */ = {isa = PBXFileReference; lastKnownFileType = sourcecode.swift; path = SceneDelegate.swift; sourceTree = "<group>"; };
		1EF9206628F953C7001470D9 /* MainViewController.swift */ = {isa = PBXFileReference; lastKnownFileType = sourcecode.swift; path = MainViewController.swift; sourceTree = "<group>"; };
		1EF9206B28F953CB001470D9 /* Assets.xcassets */ = {isa = PBXFileReference; lastKnownFileType = folder.assetcatalog; path = Assets.xcassets; sourceTree = "<group>"; };
		1EF9206E28F953CB001470D9 /* Base */ = {isa = PBXFileReference; lastKnownFileType = file.storyboard; name = Base; path = Base.lproj/LaunchScreen.storyboard; sourceTree = "<group>"; };
		1EF9207028F953CB001470D9 /* Info.plist */ = {isa = PBXFileReference; lastKnownFileType = text.plist.xml; path = Info.plist; sourceTree = "<group>"; };
		1EF9207F28F9549C001470D9 /* MainInteractor.swift */ = {isa = PBXFileReference; lastKnownFileType = sourcecode.swift; path = MainInteractor.swift; sourceTree = "<group>"; };
		1EF9208228F954BB001470D9 /* MainPresenter.swift */ = {isa = PBXFileReference; lastKnownFileType = sourcecode.swift; path = MainPresenter.swift; sourceTree = "<group>"; };
		1EF9208528F954CD001470D9 /* MainEntity.swift */ = {isa = PBXFileReference; lastKnownFileType = sourcecode.swift; path = MainEntity.swift; sourceTree = "<group>"; };
		1EF9208828F954D5001470D9 /* MainRouter.swift */ = {isa = PBXFileReference; lastKnownFileType = sourcecode.swift; path = MainRouter.swift; sourceTree = "<group>"; };
/* End PBXFileReference section */

/* Begin PBXFrameworksBuildPhase section */
		1EF9205C28F953C7001470D9 /* Frameworks */ = {
			isa = PBXFrameworksBuildPhase;
			buildActionMask = 2147483647;
			files = (
			);
			runOnlyForDeploymentPostprocessing = 0;
		};
/* End PBXFrameworksBuildPhase section */

/* Begin PBXGroup section */
		1EF9205628F953C7001470D9 = {
			isa = PBXGroup;
			children = (
				1EF9206128F953C7001470D9 /* VIPER-Demo2 */,
				1EF9206028F953C7001470D9 /* Products */,
			);
			sourceTree = "<group>";
		};
		1EF9206028F953C7001470D9 /* Products */ = {
			isa = PBXGroup;
			children = (
				1EF9205F28F953C7001470D9 /* VIPER-Demo2.app */,
			);
			name = Products;
			sourceTree = "<group>";
		};
		1EF9206128F953C7001470D9 /* VIPER-Demo2 */ = {
			isa = PBXGroup;
			children = (
				1EF9207728F953E8001470D9 /* Modules */,
				1EF9206228F953C7001470D9 /* AppDelegate.swift */,
				1EF9206428F953C7001470D9 /* SceneDelegate.swift */,
				1EF9206B28F953CB001470D9 /* Assets.xcassets */,
				1EF9206D28F953CB001470D9 /* LaunchScreen.storyboard */,
				1EF9207028F953CB001470D9 /* Info.plist */,
			);
			path = "VIPER-Demo2";
			sourceTree = "<group>";
		};
		1EF9207728F953E8001470D9 /* Modules */ = {
			isa = PBXGroup;
			children = (
				1EF9207828F953F2001470D9 /* MainView */,
			);
			path = Modules;
			sourceTree = "<group>";
		};
		1EF9207828F953F2001470D9 /* MainView */ = {
			isa = PBXGroup;
			children = (
				1EF9207D28F9543D001470D9 /* View */,
				1EF9207C28F95437001470D9 /* Interactor */,
				1EF9207B28F9542E001470D9 /* Presenter */,
				1EF9207A28F95424001470D9 /* Entity */,
				1EF9207928F9541A001470D9 /* Router */,
			);
			path = MainView;
			sourceTree = "<group>";
		};
		1EF9207928F9541A001470D9 /* Router */ = {
			isa = PBXGroup;
			children = (
				1EF9208828F954D5001470D9 /* MainRouter.swift */,
			);
			path = Router;
			sourceTree = "<group>";
		};
		1EF9207A28F95424001470D9 /* Entity */ = {
			isa = PBXGroup;
			children = (
				1EF9208528F954CD001470D9 /* MainEntity.swift */,
			);
			path = Entity;
			sourceTree = "<group>";
		};
		1EF9207B28F9542E001470D9 /* Presenter */ = {
			isa = PBXGroup;
			children = (
				1EF9208228F954BB001470D9 /* MainPresenter.swift */,
			);
			path = Presenter;
			sourceTree = "<group>";
		};
		1EF9207C28F95437001470D9 /* Interactor */ = {
			isa = PBXGroup;
			children = (
				1EF9207F28F9549C001470D9 /* MainInteractor.swift */,
			);
			path = Interactor;
			sourceTree = "<group>";
		};
		1EF9207D28F9543D001470D9 /* View */ = {
			isa = PBXGroup;
			children = (
				1EF9206628F953C7001470D9 /* MainViewController.swift */,
				1E34EE4628F9638300EB19AC /* MainView+TableView.swift */,
			);
			path = View;
			sourceTree = "<group>";
		};
/* End PBXGroup section */

/* Begin PBXNativeTarget section */
		1EF9205E28F953C7001470D9 /* VIPER-Demo2 */ = {
			isa = PBXNativeTarget;
			buildConfigurationList = 1EF9207328F953CB001470D9 /* Build configuration list for PBXNativeTarget "VIPER-Demo2" */;
			buildPhases = (
				1EF9205B28F953C7001470D9 /* Sources */,
				1EF9205C28F953C7001470D9 /* Frameworks */,
				1EF9205D28F953C7001470D9 /* Resources */,
			);
			buildRules = (
			);
			dependencies = (
			);
			name = "VIPER-Demo2";
			productName = "VIPER-Demo2";
			productReference = 1EF9205F28F953C7001470D9 /* VIPER-Demo2.app */;
			productType = "com.apple.product-type.application";
		};
/* End PBXNativeTarget section */

/* Begin PBXProject section */
		1EF9205728F953C7001470D9 /* Project object */ = {
			isa = PBXProject;
			attributes = {
				LastSwiftUpdateCheck = 1240;
				LastUpgradeCheck = 1240;
				TargetAttributes = {
					1EF9205E28F953C7001470D9 = {
						CreatedOnToolsVersion = 12.4;
					};
				};
			};
			buildConfigurationList = 1EF9205A28F953C7001470D9 /* Build configuration list for PBXProject "VIPER-Demo2" */;
			compatibilityVersion = "Xcode 9.3";
			developmentRegion = en;
			hasScannedForEncodings = 0;
			knownRegions = (
				en,
				Base,
			);
			mainGroup = 1EF9205628F953C7001470D9;
			productRefGroup = 1EF9206028F953C7001470D9 /* Products */;
			projectDirPath = "";
			projectRoot = "";
			targets = (
				1EF9205E28F953C7001470D9 /* VIPER-Demo2 */,
			);
		};
/* End PBXProject section */

/* Begin PBXResourcesBuildPhase section */
		1EF9205D28F953C7001470D9 /* Resources */ = {
			isa = PBXResourcesBuildPhase;
			buildActionMask = 2147483647;
			files = (
				1EF9206F28F953CB001470D9 /* LaunchScreen.storyboard in Resources */,
				1EF9206C28F953CB001470D9 /* Assets.xcassets in Resources */,
			);
			runOnlyForDeploymentPostprocessing = 0;
		};
/* End PBXResourcesBuildPhase section */

/* Begin PBXSourcesBuildPhase section */
		1EF9205B28F953C7001470D9 /* Sources */ = {
			isa = PBXSourcesBuildPhase;
			buildActionMask = 2147483647;
			files = (
				1EF9208328F954BB001470D9 /* MainPresenter.swift in Sources */,
				1E34EE4728F9638300EB19AC /* MainView+TableView.swift in Sources */,
				1EF9208928F954D5001470D9 /* MainRouter.swift in Sources */,
				1EF9206728F953C7001470D9 /* MainViewController.swift in Sources */,
				1EF9206328F953C7001470D9 /* AppDelegate.swift in Sources */,
				1EF9206528F953C7001470D9 /* SceneDelegate.swift in Sources */,
				1EF9208028F9549C001470D9 /* MainInteractor.swift in Sources */,
				1EF9208628F954CD001470D9 /* MainEntity.swift in Sources */,
			);
			runOnlyForDeploymentPostprocessing = 0;
		};
/* End PBXSourcesBuildPhase section */

/* Begin PBXVariantGroup section */
		1EF9206D28F953CB001470D9 /* LaunchScreen.storyboard */ = {
			isa = PBXVariantGroup;
			children = (
				1EF9206E28F953CB001470D9 /* Base */,
			);
			name = LaunchScreen.storyboard;
			sourceTree = "<group>";
		};
/* End PBXVariantGroup section */

/* Begin XCBuildConfiguration section */
		1EF9207128F953CB001470D9 /* Debug */ = {
			isa = XCBuildConfiguration;
			buildSettings = {
				ALWAYS_SEARCH_USER_PATHS = NO;
				CLANG_ANALYZER_NONNULL = YES;
				CLANG_ANALYZER_NUMBER_OBJECT_CONVERSION = YES_AGGRESSIVE;
				CLANG_CXX_LANGUAGE_STANDARD = "gnu++14";
				CLANG_CXX_LIBRARY = "libc++";
				CLANG_ENABLE_MODULES = YES;
				CLANG_ENABLE_OBJC_ARC = YES;
				CLANG_ENABLE_OBJC_WEAK = YES;
				CLANG_WARN_BLOCK_CAPTURE_AUTORELEASING = YES;
				CLANG_WARN_BOOL_CONVERSION = YES;
				CLANG_WARN_COMMA = YES;
				CLANG_WARN_CONSTANT_CONVERSION = YES;
				CLANG_WARN_DEPRECATED_OBJC_IMPLEMENTATIONS = YES;
				CLANG_WARN_DIRECT_OBJC_ISA_USAGE = YES_ERROR;
				CLANG_WARN_DOCUMENTATION_COMMENTS = YES;
				CLANG_WARN_EMPTY_BODY = YES;
				CLANG_WARN_ENUM_CONVERSION = YES;
				CLANG_WARN_INFINITE_RECURSION = YES;
				CLANG_WARN_INT_CONVERSION = YES;
				CLANG_WARN_NON_LITERAL_NULL_CONVERSION = YES;
				CLANG_WARN_OBJC_IMPLICIT_RETAIN_SELF = YES;
				CLANG_WARN_OBJC_LITERAL_CONVERSION = YES;
				CLANG_WARN_OBJC_ROOT_CLASS = YES_ERROR;
				CLANG_WARN_QUOTED_INCLUDE_IN_FRAMEWORK_HEADER = YES;
				CLANG_WARN_RANGE_LOOP_ANALYSIS = YES;
				CLANG_WARN_STRICT_PROTOTYPES = YES;
				CLANG_WARN_SUSPICIOUS_MOVE = YES;
				CLANG_WARN_UNGUARDED_AVAILABILITY = YES_AGGRESSIVE;
				CLANG_WARN_UNREACHABLE_CODE = YES;
				CLANG_WARN__DUPLICATE_METHOD_MATCH = YES;
				COPY_PHASE_STRIP = NO;
				DEBUG_INFORMATION_FORMAT = dwarf;
				ENABLE_STRICT_OBJC_MSGSEND = YES;
				ENABLE_TESTABILITY = YES;
				GCC_C_LANGUAGE_STANDARD = gnu11;
				GCC_DYNAMIC_NO_PIC = NO;
				GCC_NO_COMMON_BLOCKS = YES;
				GCC_OPTIMIZATION_LEVEL = 0;
				GCC_PREPROCESSOR_DEFINITIONS = (
					"DEBUG=1",
					"$(inherited)",
				);
				GCC_WARN_64_TO_32_BIT_CONVERSION = YES;
				GCC_WARN_ABOUT_RETURN_TYPE = YES_ERROR;
				GCC_WARN_UNDECLARED_SELECTOR = YES;
				GCC_WARN_UNINITIALIZED_AUTOS = YES_AGGRESSIVE;
				GCC_WARN_UNUSED_FUNCTION = YES;
				GCC_WARN_UNUSED_VARIABLE = YES;
				IPHONEOS_DEPLOYMENT_TARGET = 13.2;
				MTL_ENABLE_DEBUG_INFO = INCLUDE_SOURCE;
				MTL_FAST_MATH = YES;
				ONLY_ACTIVE_ARCH = YES;
				SDKROOT = iphoneos;
				SWIFT_ACTIVE_COMPILATION_CONDITIONS = DEBUG;
				SWIFT_OPTIMIZATION_LEVEL = "-Onone";
			};
			name = Debug;
		};
		1EF9207228F953CB001470D9 /* Release */ = {
			isa = XCBuildConfiguration;
			buildSettings = {
				ALWAYS_SEARCH_USER_PATHS = NO;
				CLANG_ANALYZER_NONNULL = YES;
				CLANG_ANALYZER_NUMBER_OBJECT_CONVERSION = YES_AGGRESSIVE;
				CLANG_CXX_LANGUAGE_STANDARD = "gnu++14";
				CLANG_CXX_LIBRARY = "libc++";
				CLANG_ENABLE_MODULES = YES;
				CLANG_ENABLE_OBJC_ARC = YES;
				CLANG_ENABLE_OBJC_WEAK = YES;
				CLANG_WARN_BLOCK_CAPTURE_AUTORELEASING = YES;
				CLANG_WARN_BOOL_CONVERSION = YES;
				CLANG_WARN_COMMA = YES;
				CLANG_WARN_CONSTANT_CONVERSION = YES;
				CLANG_WARN_DEPRECATED_OBJC_IMPLEMENTATIONS = YES;
				CLANG_WARN_DIRECT_OBJC_ISA_USAGE = YES_ERROR;
				CLANG_WARN_DOCUMENTATION_COMMENTS = YES;
				CLANG_WARN_EMPTY_BODY = YES;
				CLANG_WARN_ENUM_CONVERSION = YES;
				CLANG_WARN_INFINITE_RECURSION = YES;
				CLANG_WARN_INT_CONVERSION = YES;
				CLANG_WARN_NON_LITERAL_NULL_CONVERSION = YES;
				CLANG_WARN_OBJC_IMPLICIT_RETAIN_SELF = YES;
				CLANG_WARN_OBJC_LITERAL_CONVERSION = YES;
				CLANG_WARN_OBJC_ROOT_CLASS = YES_ERROR;
				CLANG_WARN_QUOTED_INCLUDE_IN_FRAMEWORK_HEADER = YES;
				CLANG_WARN_RANGE_LOOP_ANALYSIS = YES;
				CLANG_WARN_STRICT_PROTOTYPES = YES;
				CLANG_WARN_SUSPICIOUS_MOVE = YES;
				CLANG_WARN_UNGUARDED_AVAILABILITY = YES_AGGRESSIVE;
				CLANG_WARN_UNREACHABLE_CODE = YES;
				CLANG_WARN__DUPLICATE_METHOD_MATCH = YES;
				COPY_PHASE_STRIP = NO;
				DEBUG_INFORMATION_FORMAT = "dwarf-with-dsym";
				ENABLE_NS_ASSERTIONS = NO;
				ENABLE_STRICT_OBJC_MSGSEND = YES;
				GCC_C_LANGUAGE_STANDARD = gnu11;
				GCC_NO_COMMON_BLOCKS = YES;
				GCC_WARN_64_TO_32_BIT_CONVERSION = YES;
				GCC_WARN_ABOUT_RETURN_TYPE = YES_ERROR;
				GCC_WARN_UNDECLARED_SELECTOR = YES;
				GCC_WARN_UNINITIALIZED_AUTOS = YES_AGGRESSIVE;
				GCC_WARN_UNUSED_FUNCTION = YES;
				GCC_WARN_UNUSED_VARIABLE = YES;
				IPHONEOS_DEPLOYMENT_TARGET = 13.2;
				MTL_ENABLE_DEBUG_INFO = NO;
				MTL_FAST_MATH = YES;
				SDKROOT = iphoneos;
				SWIFT_COMPILATION_MODE = wholemodule;
				SWIFT_OPTIMIZATION_LEVEL = "-O";
				VALIDATE_PRODUCT = YES;
			};
			name = Release;
		};
		1EF9207428F953CB001470D9 /* Debug */ = {
			isa = XCBuildConfiguration;
			buildSettings = {
				ASSETCATALOG_COMPILER_APPICON_NAME = AppIcon;
				ASSETCATALOG_COMPILER_GLOBAL_ACCENT_COLOR_NAME = AccentColor;
				CODE_SIGN_STYLE = Automatic;
				DEVELOPMENT_TEAM = 5N79QDCTNF;
				INFOPLIST_FILE = "VIPER-Demo2/Info.plist";
				LD_RUNPATH_SEARCH_PATHS = (
					"$(inherited)",
					"@executable_path/Frameworks",
				);
				PRODUCT_BUNDLE_IDENTIFIER = "comHashim.VIPER-Demo2";
				PRODUCT_NAME = "$(TARGET_NAME)";
				SWIFT_VERSION = 5.0;
				TARGETED_DEVICE_FAMILY = 1;
			};
			name = Debug;
		};
		1EF9207528F953CB001470D9 /* Release */ = {
			isa = XCBuildConfiguration;
			buildSettings = {
				ASSETCATALOG_COMPILER_APPICON_NAME = AppIcon;
				ASSETCATALOG_COMPILER_GLOBAL_ACCENT_COLOR_NAME = AccentColor;
				CODE_SIGN_STYLE = Automatic;
				DEVELOPMENT_TEAM = 5N79QDCTNF;
				INFOPLIST_FILE = "VIPER-Demo2/Info.plist";
				LD_RUNPATH_SEARCH_PATHS = (
					"$(inherited)",
					"@executable_path/Frameworks",
				);
				PRODUCT_BUNDLE_IDENTIFIER = "comHashim.VIPER-Demo2";
				PRODUCT_NAME = "$(TARGET_NAME)";
				SWIFT_VERSION = 5.0;
				TARGETED_DEVICE_FAMILY = 1;
			};
			name = Release;
		};
/* End XCBuildConfiguration section */

/* Begin XCConfigurationList section */
		1EF9205A28F953C7001470D9 /* Build configuration list for PBXProject "VIPER-Demo2" */ = {
			isa = XCConfigurationList;
			buildConfigurations = (
				1EF9207128F953CB001470D9 /* Debug */,
				1EF9207228F953CB001470D9 /* Release */,
			);
			defaultConfigurationIsVisible = 0;
			defaultConfigurationName = Release;
		};
		1EF9207328F953CB001470D9 /* Build configuration list for PBXNativeTarget "VIPER-Demo2" */ = {
			isa = XCConfigurationList;
			buildConfigurations = (
				1EF9207428F953CB001470D9 /* Debug */,
				1EF9207528F953CB001470D9 /* Release */,
			);
			defaultConfigurationIsVisible = 0;
			defaultConfigurationName = Release;
		};
/* End XCConfigurationList section */
	};
	rootObject = 1EF9205728F953C7001470D9 /* Project object */;
}
